
Microsoft Visual Studio Solution File, Format Version 12.00

EndProject
Project("{2150E333-8FDC-42A3-9474-1A3956D46DE8}") = "ABC243", "ABC243", "{892FA5DE-8890-494A-A1B3-01A748F66F3F}"
EndProject
Project("{FAE04EC0-301F-11D3-BF4B-00C04F79EFBC}") = "ABC243A", "ABC243\ABC243A\ABC243A.csproj", "{1B976224-DA4A-400C-A7A6-12FB0FCE6F98}"
EndProject
Project("{FAE04EC0-301F-11D3-BF4B-00C04F79EFBC}") = "ABC243B", "ABC243\ABC243B\ABC243B.csproj", "{CCDCD706-AF31-4824-8F9D-BFEBF39C66E5}"
EndProject
Project("{FAE04EC0-301F-11D3-BF4B-00C04F79EFBC}") = "ABC243C", "ABC243\ABC243C\ABC243C.csproj", "{1E8EE0A9-667F-4BC1-8BE1-88B29FD9909A}"
EndProject
Project("{FAE04EC0-301F-11D3-BF4B-00C04F79EFBC}") = "ABC243D", "ABC243\ABC243D\ABC243D.csproj", "{EE8AC061-046F-41CC-ACC2-198833F8D545}"
EndProject
Project("{2150E333-8FDC-42A3-9474-1A3956D46DE8}") = "ABC242", "ABC242", "{F77432A9-F478-4FC9-BE70-814204EF1B72}"
EndProject
Project("{FAE04EC0-301F-11D3-BF4B-00C04F79EFBC}") = "ABC242A", "ABC242\ABC242A\ABC242A.csproj", "{42F4A2DC-4B8C-4074-8CAC-D152E45C2323}"
EndProject
Project("{FAE04EC0-301F-11D3-BF4B-00C04F79EFBC}") = "ABC242B", "ABC242\ABC242B\ABC242B.csproj", "{3B2413FA-0487-4E02-9F14-8B0D3993AAB5}"
EndProject
Project("{FAE04EC0-301F-11D3-BF4B-00C04F79EFBC}") = "ABC242C", "ABC242\ABC242C\ABC242C.csproj", "{F88A955A-74A7-44F7-9728-EAA5B0D0A714}"
EndProject
Project("{2150E333-8FDC-42A3-9474-1A3956D46DE8}") = "ABC241", "ABC241", "{DABB0DCF-48D6-49E2-BDD7-0C4F513C7A8B}"
EndProject
Project("{FAE04EC0-301F-11D3-BF4B-00C04F79EFBC}") = "ABC241A", "ABC241\ABC241A\ABC241A.csproj", "{694EC9F7-E2B3-4832-A8DD-2477329724C6}"
EndProject
Project("{FAE04EC0-301F-11D3-BF4B-00C04F79EFBC}") = "ABC241B", "ABC241\ABC241B\ABC241B.csproj", "{77F29B1F-8269-4CE5-829E-2EB58B9B6828}"
EndProject
Project("{FAE04EC0-301F-11D3-BF4B-00C04F79EFBC}") = "ABC241C", "ABC241\ABC241C\ABC241C.csproj", "{5BBE6731-E590-4C1E-84C8-D866B0321019}"
EndProject
Project("{2150E333-8FDC-42A3-9474-1A3956D46DE8}") = "ABC240", "ABC240", "{78969324-FA8D-4C2C-9852-6579C10955AF}"
EndProject
Project("{FAE04EC0-301F-11D3-BF4B-00C04F79EFBC}") = "ABC240A", "ABC240\ABC240A\ABC240A.csproj", "{E87B2AE1-8430-4BF0-B35E-8F35A01F3458}"
EndProject
Project("{FAE04EC0-301F-11D3-BF4B-00C04F79EFBC}") = "ABC240B", "ABC240\ABC240B\ABC240B.csproj", "{02BF4811-1488-4E3C-AA64-56324A6A98D7}"
EndProject
Project("{FAE04EC0-301F-11D3-BF4B-00C04F79EFBC}") = "ABC240C", "ABC240\ABC240C\ABC240C.csproj", "{6D03AB25-F01F-45CF-A7FB-7A69CC3A23DB}"
EndProject

Project("{2150E333-8FDC-42A3-9474-1A3956D46DE8}") = "ABC239", "ABC239", "{726856F0-6237-40CC-AC0E-815353AEACAA}"
EndProject
Project("{FAE04EC0-301F-11D3-BF4B-00C04F79EFBC}") = "ABC239A", "ABC239\ABC239A\ABC239A.csproj", "{464BF72E-04B8-4D89-A6BE-ED1A4900E84C}"
EndProject
Project("{FAE04EC0-301F-11D3-BF4B-00C04F79EFBC}") = "ABC239B", "ABC239\ABC239B\ABC239B.csproj", "{8F67E1E9-9AF0-4731-8DFA-D7AED1BA45A8}"
EndProject
Project("{FAE04EC0-301F-11D3-BF4B-00C04F79EFBC}") = "ABC239C", "ABC239\ABC239C\ABC239C.csproj", "{279054A7-ACD3-45C7-B330-7C3901DEF79E}"
EndProject
Project("{FAE04EC0-301F-11D3-BF4B-00C04F79EFBC}") = "ABC239D", "ABC239\ABC239D\ABC239D.csproj", "{893F53F6-A775-4886-8462-C525E3C8D938}"
EndProject
Project("{2150E333-8FDC-42A3-9474-1A3956D46DE8}") = "ABC238", "ABC238", "{98C86106-0D3A-42EA-8B30-2476D172360F}"
EndProject
Project("{FAE04EC0-301F-11D3-BF4B-00C04F79EFBC}") = "ABC238A", "ABC238\ABC238A\ABC238A.csproj", "{F9DA16EC-41F7-4579-ACF2-A4CD2D0A2EA3}"
EndProject
Project("{FAE04EC0-301F-11D3-BF4B-00C04F79EFBC}") = "ABC238B", "ABC238\ABC238B\ABC238B.csproj", "{39B4C9F0-4BA6-40EC-BC1F-0E52FDA28B37}"
EndProject
Project("{FAE04EC0-301F-11D3-BF4B-00C04F79EFBC}") = "ABC238C", "ABC238\ABC238C\ABC238C.csproj", "{D69F5AC3-8998-457E-B500-E17D82A3B035}"
EndProject
Project("{2150E333-8FDC-42A3-9474-1A3956D46DE8}") = "ABC237", "ABC237", "{C36F3E4C-04F8-423D-90C0-1841F8B66418}"
EndProject
Project("{FAE04EC0-301F-11D3-BF4B-00C04F79EFBC}") = "ABC237A", "ABC237\ABC237A\ABC237A.csproj", "{BD60C3D4-13E5-477B-9B65-076F34B9ED3A}"
EndProject
Project("{FAE04EC0-301F-11D3-BF4B-00C04F79EFBC}") = "ABC237B", "ABC237\ABC237B\ABC237B.csproj", "{341DE083-73C8-43BC-B828-9C2EE86F8032}"
EndProject
Project("{FAE04EC0-301F-11D3-BF4B-00C04F79EFBC}") = "ABC237C", "ABC237\ABC237C\ABC237C.csproj", "{6FE91102-1674-4B23-8118-37B819718064}"
EndProject
Project("{FAE04EC0-301F-11D3-BF4B-00C04F79EFBC}") = "ABC237D", "ABC237\ABC237D\ABC237D.csproj", "{24904987-89EF-4E8B-8596-116AD453EDEE}"
EndProject
Project("{2150E333-8FDC-42A3-9474-1A3956D46DE8}") = "ABC236", "ABC236", "{81EFAFEF-5A9A-401F-AEFF-077D9931F400}"
EndProject
Project("{FAE04EC0-301F-11D3-BF4B-00C04F79EFBC}") = "ABC236A", "ABC236\ABC236A\ABC236A.csproj", "{12BC6059-2967-45EE-A013-59566E4C02D3}"
EndProject
Project("{FAE04EC0-301F-11D3-BF4B-00C04F79EFBC}") = "ABC236B", "ABC236\ABC236B\ABC236B.csproj", "{62BEE6D2-AD96-4925-8875-CAA2B8E9DBEE}"
EndProject
Project("{FAE04EC0-301F-11D3-BF4B-00C04F79EFBC}") = "ABC236C", "ABC236\ABC236C\ABC236C.csproj", "{10DD7DE8-2BEC-434B-9A22-BB5AA5523BC7}"
EndProject
Project("{FAE04EC0-301F-11D3-BF4B-00C04F79EFBC}") = "ABC236D", "ABC236\ABC236D\ABC236D.csproj", "{7DC5DCF1-E8CD-4F8A-93D6-8B566A6D77F5}"
EndProject
Project("{2150E333-8FDC-42A3-9474-1A3956D46DE8}") = "ABC244", "ABC244", "{FEA6ECC1-A48C-46DA-B42A-D5F4298D7A9C}"
EndProject
Project("{FAE04EC0-301F-11D3-BF4B-00C04F79EFBC}") = "ABC244A", "ABC244\ABC244A\ABC244A.csproj", "{412A98BE-8E58-43B1-A6EC-EC46E5C88EFD}"
EndProject
Project("{FAE04EC0-301F-11D3-BF4B-00C04F79EFBC}") = "ABC244B", "ABC244\ABC244B\ABC244B.csproj", "{DCECB619-5D9E-4748-83A2-563BD05A63B4}"
EndProject
Project("{FAE04EC0-301F-11D3-BF4B-00C04F79EFBC}") = "ABC244C", "ABC244\ABC244C\ABC244C.csproj", "{3C319773-6C5C-4BC3-97E0-D6AE735243D8}"
EndProject
Project("{FAE04EC0-301F-11D3-BF4B-00C04F79EFBC}") = "ABC244D", "ABC244\ABC244D\ABC244D.csproj", "{030F11EC-F08D-44B1-A80B-EABBB34178E7}"
EndProject
Project("{2150E333-8FDC-42A3-9474-1A3956D46DE8}") = "ABC245", "ABC245", "{56E6FDAA-DB0D-45BE-8D2E-427116E1DAA8}"
EndProject
Project("{FAE04EC0-301F-11D3-BF4B-00C04F79EFBC}") = "ABC245A", "ABC245\ABC245A\ABC245A.csproj", "{A18E7243-82FF-48C8-B922-20D11C8F30C9}"
EndProject
Project("{FAE04EC0-301F-11D3-BF4B-00C04F79EFBC}") = "ABC245B", "ABC245\ABC245B\ABC245B.csproj", "{F7243C9C-8C4B-4625-BE42-E8A539935509}"
EndProject
Project("{FAE04EC0-301F-11D3-BF4B-00C04F79EFBC}") = "ABC245C", "ABC245\ABC245C\ABC245C.csproj", "{2901CB16-1A0D-4EA0-8A39-C812AB392A8F}"
EndProject
Project("{2150E333-8FDC-42A3-9474-1A3956D46DE8}") = "ABC246", "ABC246", "{432949DF-BCBD-4F2F-9BBF-A485CBD3467E}"
EndProject
Project("{FAE04EC0-301F-11D3-BF4B-00C04F79EFBC}") = "ABC246A", "ABC246\ABC246A\ABC246A.csproj", "{DB885BA4-7A74-44FB-A2AB-8F200A4FFFF5}"
EndProject
Project("{FAE04EC0-301F-11D3-BF4B-00C04F79EFBC}") = "ABC246B", "ABC246\ABC246B\ABC246B.csproj", "{2A667BA2-2791-43ED-BCFB-82EA2936481E}"
EndProject
Project("{FAE04EC0-301F-11D3-BF4B-00C04F79EFBC}") = "ABC246C", "ABC246\ABC246C\ABC246C.csproj", "{0124C17F-DEA7-4499-BA3D-7DFA45C098B1}"
EndProject
Project("{FAE04EC0-301F-11D3-BF4B-00C04F79EFBC}") = "ABC246D", "ABC246\ABC246D\ABC246D.csproj", "{E442DF85-BDA5-47FF-8B27-E72DFC41158B}"
EndProject
Project("{2150E333-8FDC-42A3-9474-1A3956D46DE8}") = "ABC235", "ABC235", "{51D3684F-10F9-44AC-BC33-3ED17F8252F1}"
EndProject
Project("{FAE04EC0-301F-11D3-BF4B-00C04F79EFBC}") = "ABC235A", "ABC235\ABC235A\ABC235A.csproj", "{FC3B9AD0-F8D6-49D1-B123-041B4DA09BA6}"
EndProject
Project("{FAE04EC0-301F-11D3-BF4B-00C04F79EFBC}") = "ABC235A.Test", "ABC235\ABC235A.Test\ABC235A.Test.csproj", "{F5633130-120A-477F-9A2C-D26287B353E6}"
EndProject
Global
	GlobalSection(SolutionConfigurationPlatforms) = preSolution
		Debug|Any CPU = Debug|Any CPU
		Release|Any CPU = Release|Any CPU
	EndGlobalSection
	GlobalSection(NestedProjects) = preSolution
		{1B976224-DA4A-400C-A7A6-12FB0FCE6F98} = {892FA5DE-8890-494A-A1B3-01A748F66F3F}
		{CCDCD706-AF31-4824-8F9D-BFEBF39C66E5} = {892FA5DE-8890-494A-A1B3-01A748F66F3F}
		{1E8EE0A9-667F-4BC1-8BE1-88B29FD9909A} = {892FA5DE-8890-494A-A1B3-01A748F66F3F}
		{EE8AC061-046F-41CC-ACC2-198833F8D545} = {892FA5DE-8890-494A-A1B3-01A748F66F3F}
		{42F4A2DC-4B8C-4074-8CAC-D152E45C2323} = {F77432A9-F478-4FC9-BE70-814204EF1B72}
		{3B2413FA-0487-4E02-9F14-8B0D3993AAB5} = {F77432A9-F478-4FC9-BE70-814204EF1B72}
		{F88A955A-74A7-44F7-9728-EAA5B0D0A714} = {F77432A9-F478-4FC9-BE70-814204EF1B72}
		{694EC9F7-E2B3-4832-A8DD-2477329724C6} = {DABB0DCF-48D6-49E2-BDD7-0C4F513C7A8B}
		{77F29B1F-8269-4CE5-829E-2EB58B9B6828} = {DABB0DCF-48D6-49E2-BDD7-0C4F513C7A8B}
		{5BBE6731-E590-4C1E-84C8-D866B0321019} = {DABB0DCF-48D6-49E2-BDD7-0C4F513C7A8B}
		{E87B2AE1-8430-4BF0-B35E-8F35A01F3458} = {78969324-FA8D-4C2C-9852-6579C10955AF}
		{02BF4811-1488-4E3C-AA64-56324A6A98D7} = {78969324-FA8D-4C2C-9852-6579C10955AF}
		{6D03AB25-F01F-45CF-A7FB-7A69CC3A23DB} = {78969324-FA8D-4C2C-9852-6579C10955AF}
		{464BF72E-04B8-4D89-A6BE-ED1A4900E84C} = {726856F0-6237-40CC-AC0E-815353AEACAA}
		{8F67E1E9-9AF0-4731-8DFA-D7AED1BA45A8} = {726856F0-6237-40CC-AC0E-815353AEACAA}
		{279054A7-ACD3-45C7-B330-7C3901DEF79E} = {726856F0-6237-40CC-AC0E-815353AEACAA}
		{893F53F6-A775-4886-8462-C525E3C8D938} = {726856F0-6237-40CC-AC0E-815353AEACAA}
		{F9DA16EC-41F7-4579-ACF2-A4CD2D0A2EA3} = {98C86106-0D3A-42EA-8B30-2476D172360F}
		{39B4C9F0-4BA6-40EC-BC1F-0E52FDA28B37} = {98C86106-0D3A-42EA-8B30-2476D172360F}
		{D69F5AC3-8998-457E-B500-E17D82A3B035} = {98C86106-0D3A-42EA-8B30-2476D172360F}
		{BD60C3D4-13E5-477B-9B65-076F34B9ED3A} = {C36F3E4C-04F8-423D-90C0-1841F8B66418}
		{341DE083-73C8-43BC-B828-9C2EE86F8032} = {C36F3E4C-04F8-423D-90C0-1841F8B66418}
		{6FE91102-1674-4B23-8118-37B819718064} = {C36F3E4C-04F8-423D-90C0-1841F8B66418}
		{24904987-89EF-4E8B-8596-116AD453EDEE} = {C36F3E4C-04F8-423D-90C0-1841F8B66418}
		{12BC6059-2967-45EE-A013-59566E4C02D3} = {81EFAFEF-5A9A-401F-AEFF-077D9931F400}
		{62BEE6D2-AD96-4925-8875-CAA2B8E9DBEE} = {81EFAFEF-5A9A-401F-AEFF-077D9931F400}
		{10DD7DE8-2BEC-434B-9A22-BB5AA5523BC7} = {81EFAFEF-5A9A-401F-AEFF-077D9931F400}
		{7DC5DCF1-E8CD-4F8A-93D6-8B566A6D77F5} = {81EFAFEF-5A9A-401F-AEFF-077D9931F400}
		{412A98BE-8E58-43B1-A6EC-EC46E5C88EFD} = {FEA6ECC1-A48C-46DA-B42A-D5F4298D7A9C}
		{DCECB619-5D9E-4748-83A2-563BD05A63B4} = {FEA6ECC1-A48C-46DA-B42A-D5F4298D7A9C}
		{3C319773-6C5C-4BC3-97E0-D6AE735243D8} = {FEA6ECC1-A48C-46DA-B42A-D5F4298D7A9C}
		{030F11EC-F08D-44B1-A80B-EABBB34178E7} = {FEA6ECC1-A48C-46DA-B42A-D5F4298D7A9C}
		{A18E7243-82FF-48C8-B922-20D11C8F30C9} = {56E6FDAA-DB0D-45BE-8D2E-427116E1DAA8}
		{F7243C9C-8C4B-4625-BE42-E8A539935509} = {56E6FDAA-DB0D-45BE-8D2E-427116E1DAA8}
		{2901CB16-1A0D-4EA0-8A39-C812AB392A8F} = {56E6FDAA-DB0D-45BE-8D2E-427116E1DAA8}
		{DB885BA4-7A74-44FB-A2AB-8F200A4FFFF5} = {432949DF-BCBD-4F2F-9BBF-A485CBD3467E}
		{2A667BA2-2791-43ED-BCFB-82EA2936481E} = {432949DF-BCBD-4F2F-9BBF-A485CBD3467E}
		{0124C17F-DEA7-4499-BA3D-7DFA45C098B1} = {432949DF-BCBD-4F2F-9BBF-A485CBD3467E}
		{E442DF85-BDA5-47FF-8B27-E72DFC41158B} = {432949DF-BCBD-4F2F-9BBF-A485CBD3467E}
		{FC3B9AD0-F8D6-49D1-B123-041B4DA09BA6} = {51D3684F-10F9-44AC-BC33-3ED17F8252F1}
		{F5633130-120A-477F-9A2C-D26287B353E6} = {51D3684F-10F9-44AC-BC33-3ED17F8252F1}
	EndGlobalSection
	GlobalSection(ProjectConfigurationPlatforms) = postSolution
		{1B976224-DA4A-400C-A7A6-12FB0FCE6F98}.Debug|Any CPU.ActiveCfg = Release|Any CPU
		{CCDCD706-AF31-4824-8F9D-BFEBF39C66E5}.Debug|Any CPU.ActiveCfg = Debug|Any CPU
		{CCDCD706-AF31-4824-8F9D-BFEBF39C66E5}.Debug|Any CPU.Build.0 = Debug|Any CPU
		{CCDCD706-AF31-4824-8F9D-BFEBF39C66E5}.Release|Any CPU.ActiveCfg = Release|Any CPU
		{CCDCD706-AF31-4824-8F9D-BFEBF39C66E5}.Release|Any CPU.Build.0 = Release|Any CPU
		{1E8EE0A9-667F-4BC1-8BE1-88B29FD9909A}.Debug|Any CPU.ActiveCfg = Debug|Any CPU
		{1E8EE0A9-667F-4BC1-8BE1-88B29FD9909A}.Debug|Any CPU.Build.0 = Debug|Any CPU
		{1E8EE0A9-667F-4BC1-8BE1-88B29FD9909A}.Release|Any CPU.ActiveCfg = Release|Any CPU
		{1E8EE0A9-667F-4BC1-8BE1-88B29FD9909A}.Release|Any CPU.Build.0 = Release|Any CPU
		{EE8AC061-046F-41CC-ACC2-198833F8D545}.Debug|Any CPU.ActiveCfg = Debug|Any CPU
		{EE8AC061-046F-41CC-ACC2-198833F8D545}.Debug|Any CPU.Build.0 = Debug|Any CPU
		{EE8AC061-046F-41CC-ACC2-198833F8D545}.Release|Any CPU.ActiveCfg = Release|Any CPU
		{EE8AC061-046F-41CC-ACC2-198833F8D545}.Release|Any CPU.Build.0 = Release|Any CPU
		{42F4A2DC-4B8C-4074-8CAC-D152E45C2323}.Debug|Any CPU.ActiveCfg = Debug|Any CPU
		{42F4A2DC-4B8C-4074-8CAC-D152E45C2323}.Debug|Any CPU.Build.0 = Debug|Any CPU
		{42F4A2DC-4B8C-4074-8CAC-D152E45C2323}.Release|Any CPU.ActiveCfg = Release|Any CPU
		{42F4A2DC-4B8C-4074-8CAC-D152E45C2323}.Release|Any CPU.Build.0 = Release|Any CPU
		{3B2413FA-0487-4E02-9F14-8B0D3993AAB5}.Debug|Any CPU.ActiveCfg = Debug|Any CPU
		{3B2413FA-0487-4E02-9F14-8B0D3993AAB5}.Debug|Any CPU.Build.0 = Debug|Any CPU
		{3B2413FA-0487-4E02-9F14-8B0D3993AAB5}.Release|Any CPU.ActiveCfg = Release|Any CPU
		{3B2413FA-0487-4E02-9F14-8B0D3993AAB5}.Release|Any CPU.Build.0 = Release|Any CPU
		{F88A955A-74A7-44F7-9728-EAA5B0D0A714}.Debug|Any CPU.ActiveCfg = Debug|Any CPU
		{F88A955A-74A7-44F7-9728-EAA5B0D0A714}.Debug|Any CPU.Build.0 = Debug|Any CPU
		{F88A955A-74A7-44F7-9728-EAA5B0D0A714}.Release|Any CPU.ActiveCfg = Release|Any CPU
		{F88A955A-74A7-44F7-9728-EAA5B0D0A714}.Release|Any CPU.Build.0 = Release|Any CPU
		{694EC9F7-E2B3-4832-A8DD-2477329724C6}.Debug|Any CPU.ActiveCfg = Debug|Any CPU
		{694EC9F7-E2B3-4832-A8DD-2477329724C6}.Debug|Any CPU.Build.0 = Debug|Any CPU
		{694EC9F7-E2B3-4832-A8DD-2477329724C6}.Release|Any CPU.ActiveCfg = Release|Any CPU
		{694EC9F7-E2B3-4832-A8DD-2477329724C6}.Release|Any CPU.Build.0 = Release|Any CPU
		{77F29B1F-8269-4CE5-829E-2EB58B9B6828}.Debug|Any CPU.ActiveCfg = Debug|Any CPU
		{77F29B1F-8269-4CE5-829E-2EB58B9B6828}.Debug|Any CPU.Build.0 = Debug|Any CPU
		{77F29B1F-8269-4CE5-829E-2EB58B9B6828}.Release|Any CPU.ActiveCfg = Release|Any CPU
		{77F29B1F-8269-4CE5-829E-2EB58B9B6828}.Release|Any CPU.Build.0 = Release|Any CPU
		{5BBE6731-E590-4C1E-84C8-D866B0321019}.Debug|Any CPU.ActiveCfg = Debug|Any CPU
		{5BBE6731-E590-4C1E-84C8-D866B0321019}.Debug|Any CPU.Build.0 = Debug|Any CPU
		{5BBE6731-E590-4C1E-84C8-D866B0321019}.Release|Any CPU.ActiveCfg = Release|Any CPU
		{5BBE6731-E590-4C1E-84C8-D866B0321019}.Release|Any CPU.Build.0 = Release|Any CPU
		{E87B2AE1-8430-4BF0-B35E-8F35A01F3458}.Debug|Any CPU.ActiveCfg = Debug|Any CPU
		{E87B2AE1-8430-4BF0-B35E-8F35A01F3458}.Debug|Any CPU.Build.0 = Debug|Any CPU
		{E87B2AE1-8430-4BF0-B35E-8F35A01F3458}.Release|Any CPU.ActiveCfg = Release|Any CPU
		{E87B2AE1-8430-4BF0-B35E-8F35A01F3458}.Release|Any CPU.Build.0 = Release|Any CPU
		{02BF4811-1488-4E3C-AA64-56324A6A98D7}.Debug|Any CPU.ActiveCfg = Debug|Any CPU
		{02BF4811-1488-4E3C-AA64-56324A6A98D7}.Debug|Any CPU.Build.0 = Debug|Any CPU
		{02BF4811-1488-4E3C-AA64-56324A6A98D7}.Release|Any CPU.ActiveCfg = Release|Any CPU
		{02BF4811-1488-4E3C-AA64-56324A6A98D7}.Release|Any CPU.Build.0 = Release|Any CPU
		{6D03AB25-F01F-45CF-A7FB-7A69CC3A23DB}.Debug|Any CPU.ActiveCfg = Debug|Any CPU
		{6D03AB25-F01F-45CF-A7FB-7A69CC3A23DB}.Debug|Any CPU.Build.0 = Debug|Any CPU
		{6D03AB25-F01F-45CF-A7FB-7A69CC3A23DB}.Release|Any CPU.ActiveCfg = Release|Any CPU
		{6D03AB25-F01F-45CF-A7FB-7A69CC3A23DB}.Release|Any CPU.Build.0 = Release|Any CPU
		{464BF72E-04B8-4D89-A6BE-ED1A4900E84C}.Debug|Any CPU.ActiveCfg = Debug|Any CPU
		{464BF72E-04B8-4D89-A6BE-ED1A4900E84C}.Debug|Any CPU.Build.0 = Debug|Any CPU
		{464BF72E-04B8-4D89-A6BE-ED1A4900E84C}.Release|Any CPU.ActiveCfg = Release|Any CPU
		{464BF72E-04B8-4D89-A6BE-ED1A4900E84C}.Release|Any CPU.Build.0 = Release|Any CPU
		{8F67E1E9-9AF0-4731-8DFA-D7AED1BA45A8}.Debug|Any CPU.ActiveCfg = Debug|Any CPU
		{8F67E1E9-9AF0-4731-8DFA-D7AED1BA45A8}.Debug|Any CPU.Build.0 = Debug|Any CPU
		{8F67E1E9-9AF0-4731-8DFA-D7AED1BA45A8}.Release|Any CPU.ActiveCfg = Release|Any CPU
		{8F67E1E9-9AF0-4731-8DFA-D7AED1BA45A8}.Release|Any CPU.Build.0 = Release|Any CPU
		{279054A7-ACD3-45C7-B330-7C3901DEF79E}.Debug|Any CPU.ActiveCfg = Debug|Any CPU
		{279054A7-ACD3-45C7-B330-7C3901DEF79E}.Debug|Any CPU.Build.0 = Debug|Any CPU
		{279054A7-ACD3-45C7-B330-7C3901DEF79E}.Release|Any CPU.ActiveCfg = Release|Any CPU
		{279054A7-ACD3-45C7-B330-7C3901DEF79E}.Release|Any CPU.Build.0 = Release|Any CPU
		{893F53F6-A775-4886-8462-C525E3C8D938}.Debug|Any CPU.ActiveCfg = Debug|Any CPU
		{893F53F6-A775-4886-8462-C525E3C8D938}.Debug|Any CPU.Build.0 = Debug|Any CPU
		{893F53F6-A775-4886-8462-C525E3C8D938}.Release|Any CPU.ActiveCfg = Release|Any CPU
		{893F53F6-A775-4886-8462-C525E3C8D938}.Release|Any CPU.Build.0 = Release|Any CPU
		{F9DA16EC-41F7-4579-ACF2-A4CD2D0A2EA3}.Debug|Any CPU.ActiveCfg = Debug|Any CPU
		{F9DA16EC-41F7-4579-ACF2-A4CD2D0A2EA3}.Debug|Any CPU.Build.0 = Debug|Any CPU
		{F9DA16EC-41F7-4579-ACF2-A4CD2D0A2EA3}.Release|Any CPU.ActiveCfg = Release|Any CPU
		{F9DA16EC-41F7-4579-ACF2-A4CD2D0A2EA3}.Release|Any CPU.Build.0 = Release|Any CPU
		{39B4C9F0-4BA6-40EC-BC1F-0E52FDA28B37}.Debug|Any CPU.ActiveCfg = Debug|Any CPU
		{39B4C9F0-4BA6-40EC-BC1F-0E52FDA28B37}.Debug|Any CPU.Build.0 = Debug|Any CPU
		{39B4C9F0-4BA6-40EC-BC1F-0E52FDA28B37}.Release|Any CPU.ActiveCfg = Release|Any CPU
		{39B4C9F0-4BA6-40EC-BC1F-0E52FDA28B37}.Release|Any CPU.Build.0 = Release|Any CPU
		{D69F5AC3-8998-457E-B500-E17D82A3B035}.Debug|Any CPU.ActiveCfg = Debug|Any CPU
		{D69F5AC3-8998-457E-B500-E17D82A3B035}.Debug|Any CPU.Build.0 = Debug|Any CPU
		{D69F5AC3-8998-457E-B500-E17D82A3B035}.Release|Any CPU.ActiveCfg = Release|Any CPU
		{D69F5AC3-8998-457E-B500-E17D82A3B035}.Release|Any CPU.Build.0 = Release|Any CPU
		{BD60C3D4-13E5-477B-9B65-076F34B9ED3A}.Debug|Any CPU.ActiveCfg = Debug|Any CPU
		{BD60C3D4-13E5-477B-9B65-076F34B9ED3A}.Debug|Any CPU.Build.0 = Debug|Any CPU
		{BD60C3D4-13E5-477B-9B65-076F34B9ED3A}.Release|Any CPU.ActiveCfg = Release|Any CPU
		{BD60C3D4-13E5-477B-9B65-076F34B9ED3A}.Release|Any CPU.Build.0 = Release|Any CPU
		{341DE083-73C8-43BC-B828-9C2EE86F8032}.Debug|Any CPU.ActiveCfg = Debug|Any CPU
		{341DE083-73C8-43BC-B828-9C2EE86F8032}.Debug|Any CPU.Build.0 = Debug|Any CPU
		{341DE083-73C8-43BC-B828-9C2EE86F8032}.Release|Any CPU.ActiveCfg = Release|Any CPU
		{341DE083-73C8-43BC-B828-9C2EE86F8032}.Release|Any CPU.Build.0 = Release|Any CPU
		{6FE91102-1674-4B23-8118-37B819718064}.Debug|Any CPU.ActiveCfg = Debug|Any CPU
		{6FE91102-1674-4B23-8118-37B819718064}.Debug|Any CPU.Build.0 = Debug|Any CPU
		{6FE91102-1674-4B23-8118-37B819718064}.Release|Any CPU.ActiveCfg = Release|Any CPU
		{6FE91102-1674-4B23-8118-37B819718064}.Release|Any CPU.Build.0 = Release|Any CPU
		{24904987-89EF-4E8B-8596-116AD453EDEE}.Debug|Any CPU.ActiveCfg = Debug|Any CPU
		{24904987-89EF-4E8B-8596-116AD453EDEE}.Debug|Any CPU.Build.0 = Debug|Any CPU
		{24904987-89EF-4E8B-8596-116AD453EDEE}.Release|Any CPU.ActiveCfg = Release|Any CPU
		{24904987-89EF-4E8B-8596-116AD453EDEE}.Release|Any CPU.Build.0 = Release|Any CPU
		{12BC6059-2967-45EE-A013-59566E4C02D3}.Debug|Any CPU.ActiveCfg = Debug|Any CPU
		{12BC6059-2967-45EE-A013-59566E4C02D3}.Debug|Any CPU.Build.0 = Debug|Any CPU
		{12BC6059-2967-45EE-A013-59566E4C02D3}.Release|Any CPU.ActiveCfg = Release|Any CPU
		{12BC6059-2967-45EE-A013-59566E4C02D3}.Release|Any CPU.Build.0 = Release|Any CPU
		{62BEE6D2-AD96-4925-8875-CAA2B8E9DBEE}.Debug|Any CPU.ActiveCfg = Debug|Any CPU
		{62BEE6D2-AD96-4925-8875-CAA2B8E9DBEE}.Debug|Any CPU.Build.0 = Debug|Any CPU
		{62BEE6D2-AD96-4925-8875-CAA2B8E9DBEE}.Release|Any CPU.ActiveCfg = Release|Any CPU
		{62BEE6D2-AD96-4925-8875-CAA2B8E9DBEE}.Release|Any CPU.Build.0 = Release|Any CPU
		{10DD7DE8-2BEC-434B-9A22-BB5AA5523BC7}.Debug|Any CPU.ActiveCfg = Debug|Any CPU
		{10DD7DE8-2BEC-434B-9A22-BB5AA5523BC7}.Debug|Any CPU.Build.0 = Debug|Any CPU
		{10DD7DE8-2BEC-434B-9A22-BB5AA5523BC7}.Release|Any CPU.ActiveCfg = Release|Any CPU
		{10DD7DE8-2BEC-434B-9A22-BB5AA5523BC7}.Release|Any CPU.Build.0 = Release|Any CPU
		{7DC5DCF1-E8CD-4F8A-93D6-8B566A6D77F5}.Debug|Any CPU.ActiveCfg = Debug|Any CPU
		{7DC5DCF1-E8CD-4F8A-93D6-8B566A6D77F5}.Debug|Any CPU.Build.0 = Debug|Any CPU
		{7DC5DCF1-E8CD-4F8A-93D6-8B566A6D77F5}.Release|Any CPU.ActiveCfg = Release|Any CPU
		{7DC5DCF1-E8CD-4F8A-93D6-8B566A6D77F5}.Release|Any CPU.Build.0 = Release|Any CPU
		{412A98BE-8E58-43B1-A6EC-EC46E5C88EFD}.Debug|Any CPU.ActiveCfg = Debug|Any CPU
		{412A98BE-8E58-43B1-A6EC-EC46E5C88EFD}.Debug|Any CPU.Build.0 = Debug|Any CPU
		{412A98BE-8E58-43B1-A6EC-EC46E5C88EFD}.Release|Any CPU.ActiveCfg = Release|Any CPU
		{412A98BE-8E58-43B1-A6EC-EC46E5C88EFD}.Release|Any CPU.Build.0 = Release|Any CPU
		{DCECB619-5D9E-4748-83A2-563BD05A63B4}.Debug|Any CPU.ActiveCfg = Debug|Any CPU
		{DCECB619-5D9E-4748-83A2-563BD05A63B4}.Debug|Any CPU.Build.0 = Debug|Any CPU
		{DCECB619-5D9E-4748-83A2-563BD05A63B4}.Release|Any CPU.ActiveCfg = Release|Any CPU
		{DCECB619-5D9E-4748-83A2-563BD05A63B4}.Release|Any CPU.Build.0 = Release|Any CPU
		{3C319773-6C5C-4BC3-97E0-D6AE735243D8}.Debug|Any CPU.ActiveCfg = Debug|Any CPU
		{3C319773-6C5C-4BC3-97E0-D6AE735243D8}.Debug|Any CPU.Build.0 = Debug|Any CPU
		{3C319773-6C5C-4BC3-97E0-D6AE735243D8}.Release|Any CPU.ActiveCfg = Release|Any CPU
		{3C319773-6C5C-4BC3-97E0-D6AE735243D8}.Release|Any CPU.Build.0 = Release|Any CPU
		{030F11EC-F08D-44B1-A80B-EABBB34178E7}.Debug|Any CPU.ActiveCfg = Debug|Any CPU
		{030F11EC-F08D-44B1-A80B-EABBB34178E7}.Debug|Any CPU.Build.0 = Debug|Any CPU
		{030F11EC-F08D-44B1-A80B-EABBB34178E7}.Release|Any CPU.ActiveCfg = Release|Any CPU
		{030F11EC-F08D-44B1-A80B-EABBB34178E7}.Release|Any CPU.Build.0 = Release|Any CPU
		{A18E7243-82FF-48C8-B922-20D11C8F30C9}.Debug|Any CPU.ActiveCfg = Debug|Any CPU
		{A18E7243-82FF-48C8-B922-20D11C8F30C9}.Debug|Any CPU.Build.0 = Debug|Any CPU
		{A18E7243-82FF-48C8-B922-20D11C8F30C9}.Release|Any CPU.ActiveCfg = Release|Any CPU
		{A18E7243-82FF-48C8-B922-20D11C8F30C9}.Release|Any CPU.Build.0 = Release|Any CPU
		{F7243C9C-8C4B-4625-BE42-E8A539935509}.Debug|Any CPU.ActiveCfg = Debug|Any CPU
		{F7243C9C-8C4B-4625-BE42-E8A539935509}.Debug|Any CPU.Build.0 = Debug|Any CPU
		{F7243C9C-8C4B-4625-BE42-E8A539935509}.Release|Any CPU.ActiveCfg = Release|Any CPU
		{F7243C9C-8C4B-4625-BE42-E8A539935509}.Release|Any CPU.Build.0 = Release|Any CPU
		{2901CB16-1A0D-4EA0-8A39-C812AB392A8F}.Debug|Any CPU.ActiveCfg = Debug|Any CPU
		{2901CB16-1A0D-4EA0-8A39-C812AB392A8F}.Debug|Any CPU.Build.0 = Debug|Any CPU
		{2901CB16-1A0D-4EA0-8A39-C812AB392A8F}.Release|Any CPU.ActiveCfg = Release|Any CPU
		{2901CB16-1A0D-4EA0-8A39-C812AB392A8F}.Release|Any CPU.Build.0 = Release|Any CPU
		{DB885BA4-7A74-44FB-A2AB-8F200A4FFFF5}.Debug|Any CPU.ActiveCfg = Debug|Any CPU
		{DB885BA4-7A74-44FB-A2AB-8F200A4FFFF5}.Debug|Any CPU.Build.0 = Debug|Any CPU
		{DB885BA4-7A74-44FB-A2AB-8F200A4FFFF5}.Release|Any CPU.ActiveCfg = Release|Any CPU
		{DB885BA4-7A74-44FB-A2AB-8F200A4FFFF5}.Release|Any CPU.Build.0 = Release|Any CPU
		{2A667BA2-2791-43ED-BCFB-82EA2936481E}.Debug|Any CPU.ActiveCfg = Debug|Any CPU
		{2A667BA2-2791-43ED-BCFB-82EA2936481E}.Debug|Any CPU.Build.0 = Debug|Any CPU
		{2A667BA2-2791-43ED-BCFB-82EA2936481E}.Release|Any CPU.ActiveCfg = Release|Any CPU
		{2A667BA2-2791-43ED-BCFB-82EA2936481E}.Release|Any CPU.Build.0 = Release|Any CPU
		{0124C17F-DEA7-4499-BA3D-7DFA45C098B1}.Debug|Any CPU.ActiveCfg = Debug|Any CPU
		{0124C17F-DEA7-4499-BA3D-7DFA45C098B1}.Debug|Any CPU.Build.0 = Debug|Any CPU
		{0124C17F-DEA7-4499-BA3D-7DFA45C098B1}.Release|Any CPU.ActiveCfg = Release|Any CPU
		{0124C17F-DEA7-4499-BA3D-7DFA45C098B1}.Release|Any CPU.Build.0 = Release|Any CPU
		{E442DF85-BDA5-47FF-8B27-E72DFC41158B}.Debug|Any CPU.ActiveCfg = Debug|Any CPU
		{E442DF85-BDA5-47FF-8B27-E72DFC41158B}.Debug|Any CPU.Build.0 = Debug|Any CPU
		{E442DF85-BDA5-47FF-8B27-E72DFC41158B}.Release|Any CPU.ActiveCfg = Release|Any CPU
		{E442DF85-BDA5-47FF-8B27-E72DFC41158B}.Release|Any CPU.Build.0 = Release|Any CPU
		{FC3B9AD0-F8D6-49D1-B123-041B4DA09BA6}.Debug|Any CPU.ActiveCfg = Debug|Any CPU
		{FC3B9AD0-F8D6-49D1-B123-041B4DA09BA6}.Debug|Any CPU.Build.0 = Debug|Any CPU
		{FC3B9AD0-F8D6-49D1-B123-041B4DA09BA6}.Release|Any CPU.ActiveCfg = Release|Any CPU
		{FC3B9AD0-F8D6-49D1-B123-041B4DA09BA6}.Release|Any CPU.Build.0 = Release|Any CPU
		{F5633130-120A-477F-9A2C-D26287B353E6}.Debug|Any CPU.ActiveCfg = Debug|Any CPU
		{F5633130-120A-477F-9A2C-D26287B353E6}.Debug|Any CPU.Build.0 = Debug|Any CPU
		{F5633130-120A-477F-9A2C-D26287B353E6}.Release|Any CPU.ActiveCfg = Release|Any CPU
		{F5633130-120A-477F-9A2C-D26287B353E6}.Release|Any CPU.Build.0 = Release|Any CPU
	EndGlobalSection
EndGlobal
